
Microsoft Visual Studio Solution File, Format Version 12.00
# Visual Studio Version 17
VisualStudioVersion = 17.14.36301.6 d17.14
MinimumVisualStudioVersion = 10.0.40219.1
Project("{FAE04EC0-301F-11D3-BF4B-00C04F79EFBC}") = "IdeaCenter", "IdeaCenter\IdeaCenter.csproj", "{926D2A4B-0FF5-4032-9712-526E1F0B354A}"
EndProject
Global
	GlobalSection(SolutionConfigurationPlatforms) = preSolution
		Debug|Any CPU = Debug|Any CPU
		Release|Any CPU = Release|Any CPU
	EndGlobalSection
	GlobalSection(ProjectConfigurationPlatforms) = postSolution
		{926D2A4B-0FF5-4032-9712-526E1F0B354A}.Debug|Any CPU.ActiveCfg = Debug|Any CPU
		{926D2A4B-0FF5-4032-9712-526E1F0B354A}.Debug|Any CPU.Build.0 = Debug|Any CPU
		{926D2A4B-0FF5-4032-9712-526E1F0B354A}.Release|Any CPU.ActiveCfg = Release|Any CPU
		{926D2A4B-0FF5-4032-9712-526E1F0B354A}.Release|Any CPU.Build.0 = Release|Any CPU
	EndGlobalSection
	GlobalSection(SolutionProperties) = preSolution
		HideSolutionNode = FALSE
	EndGlobalSection
	GlobalSection(ExtensibilityGlobals) = postSolution
		SolutionGuid = {839B1D3D-29BF-411C-ADBA-8FCB56239AB9}
	EndGlobalSection
EndGlobal
